{
  "name": "assets",
  "lockfileVersion": 3,
  "requires": true,
  "packages": {
    "": {
      "dependencies": {
        "phoenix": "^1.8.5",
        "phoenix_html": "^4.3.0",
        "phoenix_live_view": "^1.1.28"
      }
    },
    "node_modules/morphdom": {
      "version": "2.7.8",
      "resolved": "https://registry.npmjs.org/morphdom/-/morphdom-2.7.8.tgz",
      "integrity": "sha512-D/fR4xgGUyVRbdMGU6Nejea1RFzYxYtyurG4Fbv2Fi/daKlWKuXGLOdXtl+3eIwL110cI2hz1ZojGICjjFLgTg==",
      "license": "MIT"
    },
    "node_modules/phoenix": {
      "version": "1.8.5",
      "resolved": "https://registry.npmjs.org/phoenix/-/phoenix-1.8.5.tgz",
      "integrity": "sha512-Oj5nlRV/NKXkjBx8uMgCMmgMf1twd/B2qOcO30cHLH1PCGR8149o4T1lRIaqN4nq2KQJAeMqPiLdh1Asd0wQFg==",
      "license": "MIT"
    },
    "node_modules/phoenix_html": {
      "version": "4.3.0",
      "resolved": "https://registry.npmjs.org/phoenix_html/-/phoenix_html-4.3.0.tgz",
      "integrity": "sha512-6vnR2Y7KxEPX1DdN59AuO98TTFtsYBqfUiUOo3NY6vyVp3o94RTawdaKtELFOKfiUD7LCEclBcpCltJM2GWuKw=="
    },
    "node_modules/phoenix_live_view": {
      "version": "1.1.28",
      "resolved": "https://registry.npmjs.org/phoenix_live_view/-/phoenix_live_view-1.1.28.tgz",
      "integrity": "sha512-YXpMxwBE9HLCRk8fO+2p0cfYB5EIyvvTPfQeYA8PLmcX29Yu/LNy7aoqQoMAhedXMXCtx1nlPnG/TljnsA9WTQ==",
      "license": "MIT",
      "dependencies": {
        "morphdom": "2.7.8"
      }
    }
  }
}
